{
  "name": "html",
  "lockfileVersion": 2,
  "requires": true,
  "packages": {
    "": {
      "dependencies": {
        "@fortawesome/fontawesome-free": "^5.15.4",
        "bootstrap": "^4.6.1",
        "bootstrap-datepicker": "^1.9.0",
        "fuse.js": "^6.5.3",
        "jquery": "^3.6.0",
        "jqueryui": "^1.11.1",
        "js-cookie": "^2.0.2",
        "lodash": "^4.17.21",
        "machina": "^4.0.2",
        "material-icons": "^1.10.5",
        "moment": "2.24",
        "object-hash": "^2.2.0",
        "renderjson": "^1.4.0",
        "svg.js": "^2.6.6",
        "tabulator-tables": "^4.9.3",
        "urijs": "^1.19.7",
        "vis": "^4.21.0"
      }
    },
    "node_modules/@fortawesome/fontawesome-free": {
      "version": "5.15.4",
      "resolved": "https://registry.npmjs.org/@fortawesome/fontawesome-free/-/fontawesome-free-5.15.4.tgz",
      "integrity": "sha512-eYm8vijH/hpzr/6/1CJ/V/Eb1xQFW2nnUKArb3z+yUWv7HTwj6M7SP957oMjfZjAHU6qpoNc2wQvIxBLWYa/Jg==",
      "hasInstallScript": true,
      "engines": {
        "node": ">=6"
      }
    },
    "node_modules/bootstrap": {
      "version": "4.6.1",
      "resolved": "https://registry.npmjs.org/bootstrap/-/bootstrap-4.6.1.tgz",
      "integrity": "sha512-0dj+VgI9Ecom+rvvpNZ4MUZJz8dcX7WCX+eTID9+/8HgOkv3dsRzi8BGeZJCQU6flWQVYxwTQnEZFrmJSEO7og==",
      "funding": {
        "type": "opencollective",
        "url": "https://opencollective.com/bootstrap"
      },
      "peerDependencies": {
        "jquery": "1.9.1 - 3",
        "popper.js": "^1.16.1"
      }
    },
    "node_modules/bootstrap-datepicker": {
      "version": "1.9.0",
      "resolved": "https://registry.npmjs.org/bootstrap-datepicker/-/bootstrap-datepicker-1.9.0.tgz",
      "integrity": "sha512-9rYYbaVOheGYxjOr/+bJCmRPihfy+LkLSg4fIFMT9Od8WwWB/MB50w0JO1eBgKUMbb7PFHQD5uAfI3ArAxZRXA==",
      "dependencies": {
        "jquery": ">=1.7.1 <4.0.0"
      }
    },
    "node_modules/emitter-component": {
      "version": "1.1.1",
      "resolved": "https://registry.npmjs.org/emitter-component/-/emitter-component-1.1.1.tgz",
      "integrity": "sha1-Bl4tvtaVm/RwZ57avq95gdEAOrY="
    },
    "node_modules/fuse.js": {
      "version": "6.5.3",
      "resolved": "https://registry.npmjs.org/fuse.js/-/fuse.js-6.5.3.tgz",
      "integrity": "sha512-sA5etGE7yD/pOqivZRBvUBd/NaL2sjAu6QuSaFoe1H2BrJSkH/T/UXAJ8CdXdw7DvY3Hs8CXKYkDWX7RiP5KOg==",
      "engines": {
        "node": ">=10"
      }
    },
    "node_modules/hammerjs": {
      "version": "2.0.8",
      "resolved": "https://registry.npmjs.org/hammerjs/-/hammerjs-2.0.8.tgz",
      "integrity": "sha1-BO93hiz/K7edMPdpIJWTAiK/YPE=",
      "engines": {
        "node": ">=0.8.0"
      }
    },
    "node_modules/jquery": {
      "version": "3.6.0",
      "resolved": "https://registry.npmjs.org/jquery/-/jquery-3.6.0.tgz",
      "integrity": "sha512-JVzAR/AjBvVt2BmYhxRCSYysDsPcssdmTFnzyLEts9qNwmjmu4JTAMYubEfwVOSwpQ1I1sKKFcxhZCI2buerfw=="
    },
    "node_modules/jqueryui": {
      "version": "1.11.1",
      "resolved": "https://registry.npmjs.org/jqueryui/-/jqueryui-1.11.1.tgz",
      "integrity": "sha1-hxhVBwX1Vo0RmRlhaQlNtzsikbw="
    },
    "node_modules/js-cookie": {
      "version": "2.0.2",
      "resolved": "https://registry.npmjs.org/js-cookie/-/js-cookie-2.0.2.tgz",
      "integrity": "sha1-cia3BOBLkUQfwivFlnrj2Awh+wo="
    },
    "node_modules/keycharm": {
      "version": "0.2.0",
      "resolved": "https://registry.npmjs.org/keycharm/-/keycharm-0.2.0.tgz",
      "integrity": "sha1-+m6i5DuQpoAohD0n8gddNajD5vk="
    },
    "node_modules/lodash": {
      "version": "4.17.21",
      "resolved": "https://registry.npmjs.org/lodash/-/lodash-4.17.21.tgz",
      "integrity": "sha512-v2kDEe57lecTulaDIuNTPy3Ry4gLGJ6Z1O3vE1krgXZNrsQ+LFTGHVxVjcXPs17LhbZVGedAJv8XZ1tvj5FvSg=="
    },
    "node_modules/machina": {
      "version": "4.0.2",
      "resolved": "https://registry.npmjs.org/machina/-/machina-4.0.2.tgz",
      "integrity": "sha512-OOlFrW1rd783S6tF36v5Ie/TM64gfvSl9kYLWL2cPA31J71HHWW3XrgSe1BZSFAPkh8532CMJMLv/s9L2aopiA==",
      "dependencies": {
        "lodash": "^4.17.5"
      },
      "engines": {
        "node": ">=0.4.0"
      }
    },
    "node_modules/material-icons": {
      "version": "1.10.5",
      "resolved": "https://registry.npmjs.org/material-icons/-/material-icons-1.10.5.tgz",
      "integrity": "sha512-+4l0xbfKlA2eSXJrhISYvCvT8e9HqQk3BLdOCPGal5qPYAQoTI8TTacYI0yXyf7WS6BpKrhQemUenhmR0IoS8A=="
    },
    "node_modules/moment": {
      "version": "2.24.0",
      "resolved": "https://registry.npmjs.org/moment/-/moment-2.24.0.tgz",
      "integrity": "sha512-bV7f+6l2QigeBBZSM/6yTNq4P2fNpSWj/0e7jQcy87A8e7o2nAfP/34/2ky5Vw4B9S446EtIhodAzkFCcR4dQg==",
      "engines": {
        "node": "*"
      }
    },
    "node_modules/object-hash": {
      "version": "2.2.0",
      "resolved": "https://registry.npmjs.org/object-hash/-/object-hash-2.2.0.tgz",
      "integrity": "sha512-gScRMn0bS5fH+IuwyIFgnh9zBdo4DV+6GhygmWM9HyNJSgS0hScp1f5vjtm7oIIOiT9trXrShAkLFSc2IqKNgw==",
      "engines": {
        "node": ">= 6"
      }
    },
    "node_modules/popper.js": {
      "version": "1.16.1",
      "resolved": "https://registry.npmjs.org/popper.js/-/popper.js-1.16.1.tgz",
      "integrity": "sha512-Wb4p1J4zyFTbM+u6WuO4XstYx4Ky9Cewe4DWrel7B0w6VVICvPwdOpotjzcf6eD8TsckVnIMNONQyPIUFOUbCQ==",
      "deprecated": "You can find the new Popper v2 at @popperjs/core, this package is dedicated to the legacy v1",
      "peer": true,
      "funding": {
        "type": "opencollective",
        "url": "https://opencollective.com/popperjs"
      }
    },
    "node_modules/propagating-hammerjs": {
      "version": "1.5.0",
      "resolved": "https://registry.npmjs.org/propagating-hammerjs/-/propagating-hammerjs-1.5.0.tgz",
      "integrity": "sha512-3PUXWmomwutoZfydC+lJwK1bKCh6sK6jZGB31RUX6+4EXzsbkDZrK4/sVR7gBrvJaEIwpTVyxQUAd29FKkmVdw==",
      "dependencies": {
        "hammerjs": "^2.0.8"
      }
    },
    "node_modules/renderjson": {
      "version": "1.4.0",
      "resolved": "https://registry.npmjs.org/renderjson/-/renderjson-1.4.0.tgz",
      "integrity": "sha512-R0IZoxjWQP4XMJjLkPjNKSwjDyl20EiLohyu1Os7AvIvO4F4Vtar1N6IjJLPLjDN7OYOXTsqtIVJupQnQMvYQw=="
    },
    "node_modules/svg.js": {
      "version": "2.6.6",
      "resolved": "https://registry.npmjs.org/svg.js/-/svg.js-2.6.6.tgz",
      "integrity": "sha512-YdraDjga3Chc5Mxl9H8OhHdTBGyC/Sf2Bqv3ywpCQpHngfA2yq3vqf0SAdN+bAs1Iia6h9bi68dHNsqe8H/Apw=="
    },
    "node_modules/tabulator-tables": {
      "version": "4.9.3",
      "resolved": "https://registry.npmjs.org/tabulator-tables/-/tabulator-tables-4.9.3.tgz",
      "integrity": "sha512-iwwQqAEGGxlgrBpcmJJvMJrfjGLcCXOB3AOb/DGkXqBy1YKoYA36hIl7qXGp6Jo8dSkzFAlDT6pKLZgyhs9OnQ=="
    },
    "node_modules/urijs": {
      "version": "1.19.10",
      "resolved": "https://registry.npmjs.org/urijs/-/urijs-1.19.10.tgz",
      "integrity": "sha512-EzauQlgKuJgsXOqoMrCiePBf4At5jVqRhXykF3Wfb8ZsOBMxPcfiVBcsHXug4Aepb/ICm2PIgqAUGMelgdrWEg=="
    },
    "node_modules/vis": {
      "version": "4.21.0",
      "resolved": "https://registry.npmjs.org/vis/-/vis-4.21.0.tgz",
      "integrity": "sha1-3XFji/9/ZJXQC8n0DCU1JhM97Ws=",
      "deprecated": "Please consider using https://github.com/visjs",
      "dependencies": {
        "emitter-component": "^1.1.1",
        "hammerjs": "^2.0.8",
        "keycharm": "^0.2.0",
        "moment": "^2.18.1",
        "propagating-hammerjs": "^1.4.6"
      }
    }
  },
  "dependencies": {
    "@fortawesome/fontawesome-free": {
      "version": "5.15.4",
      "resolved": "https://registry.npmjs.org/@fortawesome/fontawesome-free/-/fontawesome-free-5.15.4.tgz",
      "integrity": "sha512-eYm8vijH/hpzr/6/1CJ/V/Eb1xQFW2nnUKArb3z+yUWv7HTwj6M7SP957oMjfZjAHU6qpoNc2wQvIxBLWYa/Jg=="
    },
    "bootstrap": {
      "version": "4.6.1",
      "resolved": "https://registry.npmjs.org/bootstrap/-/bootstrap-4.6.1.tgz",
      "integrity": "sha512-0dj+VgI9Ecom+rvvpNZ4MUZJz8dcX7WCX+eTID9+/8HgOkv3dsRzi8BGeZJCQU6flWQVYxwTQnEZFrmJSEO7og==",
      "requires": {}
    },
    "bootstrap-datepicker": {
      "version": "1.9.0",
      "resolved": "https://registry.npmjs.org/bootstrap-datepicker/-/bootstrap-datepicker-1.9.0.tgz",
      "integrity": "sha512-9rYYbaVOheGYxjOr/+bJCmRPihfy+LkLSg4fIFMT9Od8WwWB/MB50w0JO1eBgKUMbb7PFHQD5uAfI3ArAxZRXA==",
      "requires": {
        "jquery": ">=1.7.1 <4.0.0"
      }
    },
    "emitter-component": {
      "version": "1.1.1",
      "resolved": "https://registry.npmjs.org/emitter-component/-/emitter-component-1.1.1.tgz",
      "integrity": "sha1-Bl4tvtaVm/RwZ57avq95gdEAOrY="
    },
    "fuse.js": {
      "version": "6.5.3",
      "resolved": "https://registry.npmjs.org/fuse.js/-/fuse.js-6.5.3.tgz",
      "integrity": "sha512-sA5etGE7yD/pOqivZRBvUBd/NaL2sjAu6QuSaFoe1H2BrJSkH/T/UXAJ8CdXdw7DvY3Hs8CXKYkDWX7RiP5KOg=="
    },
    "hammerjs": {
      "version": "2.0.8",
      "resolved": "https://registry.npmjs.org/hammerjs/-/hammerjs-2.0.8.tgz",
      "integrity": "sha1-BO93hiz/K7edMPdpIJWTAiK/YPE="
    },
    "jquery": {
      "version": "3.6.0",
      "resolved": "https://registry.npmjs.org/jquery/-/jquery-3.6.0.tgz",
      "integrity": "sha512-JVzAR/AjBvVt2BmYhxRCSYysDsPcssdmTFnzyLEts9qNwmjmu4JTAMYubEfwVOSwpQ1I1sKKFcxhZCI2buerfw=="
    },
    "jqueryui": {
      "version": "1.11.1",
      "resolved": "https://registry.npmjs.org/jqueryui/-/jqueryui-1.11.1.tgz",
      "integrity": "sha1-hxhVBwX1Vo0RmRlhaQlNtzsikbw="
    },
    "js-cookie": {
      "version": "2.0.2",
      "resolved": "https://registry.npmjs.org/js-cookie/-/js-cookie-2.0.2.tgz",
      "integrity": "sha1-cia3BOBLkUQfwivFlnrj2Awh+wo="
    },
    "keycharm": {
      "version": "0.2.0",
      "resolved": "https://registry.npmjs.org/keycharm/-/keycharm-0.2.0.tgz",
      "integrity": "sha1-+m6i5DuQpoAohD0n8gddNajD5vk="
    },
    "lodash": {
      "version": "4.17.21",
      "resolved": "https://registry.npmjs.org/lodash/-/lodash-4.17.21.tgz",
      "integrity": "sha512-v2kDEe57lecTulaDIuNTPy3Ry4gLGJ6Z1O3vE1krgXZNrsQ+LFTGHVxVjcXPs17LhbZVGedAJv8XZ1tvj5FvSg=="
    },
    "machina": {
      "version": "4.0.2",
      "resolved": "https://registry.npmjs.org/machina/-/machina-4.0.2.tgz",
      "integrity": "sha512-OOlFrW1rd783S6tF36v5Ie/TM64gfvSl9kYLWL2cPA31J71HHWW3XrgSe1BZSFAPkh8532CMJMLv/s9L2aopiA==",
      "requires": {
        "lodash": "^4.17.5"
      }
    },
    "material-icons": {
      "version": "1.10.5",
      "resolved": "https://registry.npmjs.org/material-icons/-/material-icons-1.10.5.tgz",
      "integrity": "sha512-+4l0xbfKlA2eSXJrhISYvCvT8e9HqQk3BLdOCPGal5qPYAQoTI8TTacYI0yXyf7WS6BpKrhQemUenhmR0IoS8A=="
    },
    "moment": {
      "version": "2.24.0",
      "resolved": "https://registry.npmjs.org/moment/-/moment-2.24.0.tgz",
      "integrity": "sha512-bV7f+6l2QigeBBZSM/6yTNq4P2fNpSWj/0e7jQcy87A8e7o2nAfP/34/2ky5Vw4B9S446EtIhodAzkFCcR4dQg=="
    },
    "object-hash": {
      "version": "2.2.0",
      "resolved": "https://registry.npmjs.org/object-hash/-/object-hash-2.2.0.tgz",
      "integrity": "sha512-gScRMn0bS5fH+IuwyIFgnh9zBdo4DV+6GhygmWM9HyNJSgS0hScp1f5vjtm7oIIOiT9trXrShAkLFSc2IqKNgw=="
    },
    "popper.js": {
      "version": "1.16.1",
      "resolved": "https://registry.npmjs.org/popper.js/-/popper.js-1.16.1.tgz",
      "integrity": "sha512-Wb4p1J4zyFTbM+u6WuO4XstYx4Ky9Cewe4DWrel7B0w6VVICvPwdOpotjzcf6eD8TsckVnIMNONQyPIUFOUbCQ==",
      "peer": true
    },
    "propagating-hammerjs": {
      "version": "1.5.0",
      "resolved": "https://registry.npmjs.org/propagating-hammerjs/-/propagating-hammerjs-1.5.0.tgz",
      "integrity": "sha512-3PUXWmomwutoZfydC+lJwK1bKCh6sK6jZGB31RUX6+4EXzsbkDZrK4/sVR7gBrvJaEIwpTVyxQUAd29FKkmVdw==",
      "requires": {
        "hammerjs": "^2.0.8"
      }
    },
    "renderjson": {
      "version": "1.4.0",
      "resolved": "https://registry.npmjs.org/renderjson/-/renderjson-1.4.0.tgz",
      "integrity": "sha512-R0IZoxjWQP4XMJjLkPjNKSwjDyl20EiLohyu1Os7AvIvO4F4Vtar1N6IjJLPLjDN7OYOXTsqtIVJupQnQMvYQw=="
    },
    "svg.js": {
      "version": "2.6.6",
      "resolved": "https://registry.npmjs.org/svg.js/-/svg.js-2.6.6.tgz",
      "integrity": "sha512-YdraDjga3Chc5Mxl9H8OhHdTBGyC/Sf2Bqv3ywpCQpHngfA2yq3vqf0SAdN+bAs1Iia6h9bi68dHNsqe8H/Apw=="
    },
    "tabulator-tables": {
      "version": "4.9.3",
      "resolved": "https://registry.npmjs.org/tabulator-tables/-/tabulator-tables-4.9.3.tgz",
      "integrity": "sha512-iwwQqAEGGxlgrBpcmJJvMJrfjGLcCXOB3AOb/DGkXqBy1YKoYA36hIl7qXGp6Jo8dSkzFAlDT6pKLZgyhs9OnQ=="
    },
    "urijs": {
      "version": "1.19.10",
      "resolved": "https://registry.npmjs.org/urijs/-/urijs-1.19.10.tgz",
      "integrity": "sha512-EzauQlgKuJgsXOqoMrCiePBf4At5jVqRhXykF3Wfb8ZsOBMxPcfiVBcsHXug4Aepb/ICm2PIgqAUGMelgdrWEg=="
    },
    "vis": {
      "version": "4.21.0",
      "resolved": "https://registry.npmjs.org/vis/-/vis-4.21.0.tgz",
      "integrity": "sha1-3XFji/9/ZJXQC8n0DCU1JhM97Ws=",
      "requires": {
        "emitter-component": "^1.1.1",
        "hammerjs": "^2.0.8",
        "keycharm": "^0.2.0",
        "moment": "^2.18.1",
        "propagating-hammerjs": "^1.4.6"
      }
    }
  }
}
